
Microsoft Visual Studio Solution File, Format Version 12.00
# Visual Studio 15
VisualStudioVersion = 15.0.27130.0
MinimumVisualStudioVersion = 10.0.40219.1
Project("{FAE04EC0-301F-11D3-BF4B-00C04F79EFBC}") = "TrackMe", "TrackMe\TrackMe.csproj", "{F3B9B4D2-8F7C-4C27-B93A-94F6461933FA}"
EndProject
Project("{FAE04EC0-301F-11D3-BF4B-00C04F79EFBC}") = "TrackMe.Tests", "TrackMe.Tests\TrackMe.Tests.csproj", "{AAFCC1F9-1FE7-4F90-9F25-D12EBE0C45B6}"
EndProject
Global
	GlobalSection(SolutionConfigurationPlatforms) = preSolution
		Debug|Any CPU = Debug|Any CPU
		Release|Any CPU = Release|Any CPU
	EndGlobalSection
	GlobalSection(ProjectConfigurationPlatforms) = postSolution
		{F3B9B4D2-8F7C-4C27-B93A-94F6461933FA}.Debug|Any CPU.ActiveCfg = Debug|Any CPU
		{F3B9B4D2-8F7C-4C27-B93A-94F6461933FA}.Debug|Any CPU.Build.0 = Debug|Any CPU
		{F3B9B4D2-8F7C-4C27-B93A-94F6461933FA}.Release|Any CPU.ActiveCfg = Release|Any CPU
		{F3B9B4D2-8F7C-4C27-B93A-94F6461933FA}.Release|Any CPU.Build.0 = Release|Any CPU
		{AAFCC1F9-1FE7-4F90-9F25-D12EBE0C45B6}.Debug|Any CPU.ActiveCfg = Debug|Any CPU
		{AAFCC1F9-1FE7-4F90-9F25-D12EBE0C45B6}.Debug|Any CPU.Build.0 = Debug|Any CPU
		{AAFCC1F9-1FE7-4F90-9F25-D12EBE0C45B6}.Release|Any CPU.ActiveCfg = Release|Any CPU
		{AAFCC1F9-1FE7-4F90-9F25-D12EBE0C45B6}.Release|Any CPU.Build.0 = Release|Any CPU
	EndGlobalSection
	GlobalSection(SolutionProperties) = preSolution
		HideSolutionNode = FALSE
	EndGlobalSection
	GlobalSection(ExtensibilityGlobals) = postSolution
		SolutionGuid = {84970576-E8D2-41AC-9CEF-4ECAAC41BD77}
	EndGlobalSection
EndGlobal
